
Microsoft Visual Studio Solution File, Format Version 12.00
# Visual Studio Version 17
VisualStudioVersion = 17.11.35327.3
MinimumVisualStudioVersion = 10.0.40219.1
Project("{FAE04EC0-301F-11D3-BF4B-00C04F79EFBC}") = "Tank", "Tank.csproj", "{6279C14A-01D5-4945-86AC-3F1F642C7D72}"
EndProject
Global
	GlobalSection(SolutionConfigurationPlatforms) = preSolution
		Debug|Any CPU = Debug|Any CPU
		Release|Any CPU = Release|Any CPU
	EndGlobalSection
	GlobalSection(ProjectConfigurationPlatforms) = postSolution
		{6279C14A-01D5-4945-86AC-3F1F642C7D72}.Debug|Any CPU.ActiveCfg = Debug|Any CPU
		{6279C14A-01D5-4945-86AC-3F1F642C7D72}.Debug|Any CPU.Build.0 = Debug|Any CPU
		{6279C14A-01D5-4945-86AC-3F1F642C7D72}.Release|Any CPU.ActiveCfg = Release|Any CPU
		{6279C14A-01D5-4945-86AC-3F1F642C7D72}.Release|Any CPU.Build.0 = Release|Any CPU
	EndGlobalSection
	GlobalSection(SolutionProperties) = preSolution
		HideSolutionNode = FALSE
	EndGlobalSection
	GlobalSection(ExtensibilityGlobals) = postSolution
		SolutionGuid = {88EFB18F-179F-4042-A6F6-DF74A9F49508}
	EndGlobalSection
EndGlobal
